
Microsoft Visual Studio Solution File, Format Version 12.00
# Visual Studio Version 17
VisualStudioVersion = 17.6.33723.286
MinimumVisualStudioVersion = 10.0.40219.1
Project("{9A19103F-16F7-4668-BE54-9A1E7A4F7556}") = "DevFreela.API", "DevFreela.API\DevFreela.API.csproj", "{7BCEA95D-F64A-4647-B3B8-5CA77EAA2828}"
EndProject
Project("{9A19103F-16F7-4668-BE54-9A1E7A4F7556}") = "DevFreela.Core", "DevFreela.Core\DevFreela.Core.csproj", "{028804F6-B7FA-4496-BFD3-02357E3EBDEA}"
EndProject
Project("{9A19103F-16F7-4668-BE54-9A1E7A4F7556}") = "DevFreela.Infrastructure", "DevFreela.Infrastructure\DevFreela.Infrastructure.csproj", "{F7B68913-B4D8-43A3-9BBA-7C98DE9A3E60}"
EndProject
Project("{FAE04EC0-301F-11D3-BF4B-00C04F79EFBC}") = "DevFreela.Application", "DevFreela.Application\DevFreela.Application.csproj", "{EE56A49E-A098-4451-8733-E1D7CA12E91E}"
EndProject
Global
	GlobalSection(SolutionConfigurationPlatforms) = preSolution
		Debug|Any CPU = Debug|Any CPU
		Release|Any CPU = Release|Any CPU
	EndGlobalSection
	GlobalSection(ProjectConfigurationPlatforms) = postSolution
		{7BCEA95D-F64A-4647-B3B8-5CA77EAA2828}.Debug|Any CPU.ActiveCfg = Debug|Any CPU
		{7BCEA95D-F64A-4647-B3B8-5CA77EAA2828}.Debug|Any CPU.Build.0 = Debug|Any CPU
		{7BCEA95D-F64A-4647-B3B8-5CA77EAA2828}.Release|Any CPU.ActiveCfg = Release|Any CPU
		{7BCEA95D-F64A-4647-B3B8-5CA77EAA2828}.Release|Any CPU.Build.0 = Release|Any CPU
		{028804F6-B7FA-4496-BFD3-02357E3EBDEA}.Debug|Any CPU.ActiveCfg = Debug|Any CPU
		{028804F6-B7FA-4496-BFD3-02357E3EBDEA}.Debug|Any CPU.Build.0 = Debug|Any CPU
		{028804F6-B7FA-4496-BFD3-02357E3EBDEA}.Release|Any CPU.ActiveCfg = Release|Any CPU
		{028804F6-B7FA-4496-BFD3-02357E3EBDEA}.Release|Any CPU.Build.0 = Release|Any CPU
		{F7B68913-B4D8-43A3-9BBA-7C98DE9A3E60}.Debug|Any CPU.ActiveCfg = Debug|Any CPU
		{F7B68913-B4D8-43A3-9BBA-7C98DE9A3E60}.Debug|Any CPU.Build.0 = Debug|Any CPU
		{F7B68913-B4D8-43A3-9BBA-7C98DE9A3E60}.Release|Any CPU.ActiveCfg = Release|Any CPU
		{F7B68913-B4D8-43A3-9BBA-7C98DE9A3E60}.Release|Any CPU.Build.0 = Release|Any CPU
		{EE56A49E-A098-4451-8733-E1D7CA12E91E}.Debug|Any CPU.ActiveCfg = Debug|Any CPU
		{EE56A49E-A098-4451-8733-E1D7CA12E91E}.Debug|Any CPU.Build.0 = Debug|Any CPU
		{EE56A49E-A098-4451-8733-E1D7CA12E91E}.Release|Any CPU.ActiveCfg = Release|Any CPU
		{EE56A49E-A098-4451-8733-E1D7CA12E91E}.Release|Any CPU.Build.0 = Release|Any CPU
	EndGlobalSection
	GlobalSection(SolutionProperties) = preSolution
		HideSolutionNode = FALSE
	EndGlobalSection
	GlobalSection(ExtensibilityGlobals) = postSolution
		SolutionGuid = {1A1D1440-6990-4031-9956-B7807BE938C4}
	EndGlobalSection
EndGlobal
